// !$*UTF8*$!
{
	archiveVersion = 1;
	classes = {
	};
	objectVersion = 46;
	objects = {

/* Begin PBXBuildFile section */
		640448951C2714F800E9469D /* AppDelegate.swift in Sources */ = {isa = PBXBuildFile; fileRef = 640448941C2714F800E9469D /* AppDelegate.swift */; };
		640448971C2714F800E9469D /* ViewController.swift in Sources */ = {isa = PBXBuildFile; fileRef = 640448961C2714F800E9469D /* ViewController.swift */; };
		6404489A1C2714F800E9469D /* Main.storyboard in Resources */ = {isa = PBXBuildFile; fileRef = 640448981C2714F800E9469D /* Main.storyboard */; };
		6404489C1C2714F800E9469D /* Assets.xcassets in Resources */ = {isa = PBXBuildFile; fileRef = 6404489B1C2714F800E9469D /* Assets.xcassets */; };
		6404489F1C2714F800E9469D /* LaunchScreen.storyboard in Resources */ = {isa = PBXBuildFile; fileRef = 6404489D1C2714F800E9469D /* LaunchScreen.storyboard */; };
		640448AA1C2714F800E9469D /* OCR_EngineTests.swift in Sources */ = {isa = PBXBuildFile; fileRef = 640448A91C2714F800E9469D /* OCR_EngineTests.swift */; };
		640448B51C2714F800E9469D /* OCR_EngineUITests.swift in Sources */ = {isa = PBXBuildFile; fileRef = 640448B41C2714F800E9469D /* OCR_EngineUITests.swift */; };
		640448C91C271BAE00E9469D /* libstdc++.tbd in Frameworks */ = {isa = PBXBuildFile; fileRef = 640448C81C271BAE00E9469D /* libstdc++.tbd */; };
		640448CB1C272F1800E9469D /* CoreImage.framework in Frameworks */ = {isa = PBXBuildFile; fileRef = 640448CA1C272F1800E9469D /* CoreImage.framework */; };
		645E7D0A1C288331001A3C2B /* tessdata in Resources */ = {isa = PBXBuildFile; fileRef = 645E7D091C288331001A3C2B /* tessdata */; };
		645E7D0C1C28835E001A3C2B /* TesseractOCR.framework in Frameworks */ = {isa = PBXBuildFile; fileRef = 645E7D0B1C28835E001A3C2B /* TesseractOCR.framework */; };
/* End PBXBuildFile section */

/* Begin PBXContainerItemProxy section */
		640448A61C2714F800E9469D /* PBXContainerItemProxy */ = {
			isa = PBXContainerItemProxy;
			containerPortal = 640448891C2714F800E9469D /* Project object */;
			proxyType = 1;
			remoteGlobalIDString = 640448901C2714F800E9469D;
			remoteInfo = "OCR Engine";
		};
		640448B11C2714F800E9469D /* PBXContainerItemProxy */ = {
			isa = PBXContainerItemProxy;
			containerPortal = 640448891C2714F800E9469D /* Project object */;
			proxyType = 1;
			remoteGlobalIDString = 640448901C2714F800E9469D;
			remoteInfo = "OCR Engine";
		};
/* End PBXContainerItemProxy section */

/* Begin PBXFileReference section */
		640448911C2714F800E9469D /* OCR Engine.app */ = {isa = PBXFileReference; explicitFileType = wrapper.application; includeInIndex = 0; path = "OCR Engine.app"; sourceTree = BUILT_PRODUCTS_DIR; };
		640448941C2714F800E9469D /* AppDelegate.swift */ = {isa = PBXFileReference; lastKnownFileType = sourcecode.swift; path = AppDelegate.swift; sourceTree = "<group>"; };
		640448961C2714F800E9469D /* ViewController.swift */ = {isa = PBXFileReference; lastKnownFileType = sourcecode.swift; path = ViewController.swift; sourceTree = "<group>"; };
		640448991C2714F800E9469D /* Base */ = {isa = PBXFileReference; lastKnownFileType = file.storyboard; name = Base; path = Base.lproj/Main.storyboard; sourceTree = "<group>"; };
		6404489B1C2714F800E9469D /* Assets.xcassets */ = {isa = PBXFileReference; lastKnownFileType = folder.assetcatalog; path = Assets.xcassets; sourceTree = "<group>"; };
		6404489E1C2714F800E9469D /* Base */ = {isa = PBXFileReference; lastKnownFileType = file.storyboard; name = Base; path = Base.lproj/LaunchScreen.storyboard; sourceTree = "<group>"; };
		640448A01C2714F800E9469D /* Info.plist */ = {isa = PBXFileReference; lastKnownFileType = text.plist.xml; path = Info.plist; sourceTree = "<group>"; };
		640448A51C2714F800E9469D /* OCR EngineTests.xctest */ = {isa = PBXFileReference; explicitFileType = wrapper.cfbundle; includeInIndex = 0; path = "OCR EngineTests.xctest"; sourceTree = BUILT_PRODUCTS_DIR; };
		640448A91C2714F800E9469D /* OCR_EngineTests.swift */ = {isa = PBXFileReference; lastKnownFileType = sourcecode.swift; path = OCR_EngineTests.swift; sourceTree = "<group>"; };
		640448AB1C2714F800E9469D /* Info.plist */ = {isa = PBXFileReference; lastKnownFileType = text.plist.xml; path = Info.plist; sourceTree = "<group>"; };
		640448B01C2714F800E9469D /* OCR EngineUITests.xctest */ = {isa = PBXFileReference; explicitFileType = wrapper.cfbundle; includeInIndex = 0; path = "OCR EngineUITests.xctest"; sourceTree = BUILT_PRODUCTS_DIR; };
		640448B41C2714F800E9469D /* OCR_EngineUITests.swift */ = {isa = PBXFileReference; lastKnownFileType = sourcecode.swift; path = OCR_EngineUITests.swift; sourceTree = "<group>"; };
		640448B61C2714F800E9469D /* Info.plist */ = {isa = PBXFileReference; lastKnownFileType = text.plist.xml; path = Info.plist; sourceTree = "<group>"; };
		640448C81C271BAE00E9469D /* libstdc++.tbd */ = {isa = PBXFileReference; lastKnownFileType = "sourcecode.text-based-dylib-definition"; name = "libstdc++.tbd"; path = "usr/lib/libstdc++.tbd"; sourceTree = SDKROOT; };
		640448CA1C272F1800E9469D /* CoreImage.framework */ = {isa = PBXFileReference; lastKnownFileType = wrapper.framework; name = CoreImage.framework; path = System/Library/Frameworks/CoreImage.framework; sourceTree = SDKROOT; };
		645E7D091C288331001A3C2B /* tessdata */ = {isa = PBXFileReference; lastKnownFileType = folder; path = tessdata; sourceTree = "<group>"; };
		645E7D0B1C28835E001A3C2B /* TesseractOCR.framework */ = {isa = PBXFileReference; lastKnownFileType = wrapper.framework; path = TesseractOCR.framework; sourceTree = "<group>"; };
		645E7D121C2886F6001A3C2B /* OCR Engine-Bridging-Header.h */ = {isa = PBXFileReference; lastKnownFileType = sourcecode.c.h; path = "OCR Engine-Bridging-Header.h"; sourceTree = "<group>"; };
/* End PBXFileReference section */

/* Begin PBXFrameworksBuildPhase section */
		6404488E1C2714F800E9469D /* Frameworks */ = {
			isa = PBXFrameworksBuildPhase;
			buildActionMask = 2147483647;
			files = (
				640448CB1C272F1800E9469D /* CoreImage.framework in Frameworks */,
				645E7D0C1C28835E001A3C2B /* TesseractOCR.framework in Frameworks */,
				640448C91C271BAE00E9469D /* libstdc++.tbd in Frameworks */,
			);
			runOnlyForDeploymentPostprocessing = 0;
		};
		640448A21C2714F800E9469D /* Frameworks */ = {
			isa = PBXFrameworksBuildPhase;
			buildActionMask = 2147483647;
			files = (
			);
			runOnlyForDeploymentPostprocessing = 0;
		};
		640448AD1C2714F800E9469D /* Frameworks */ = {
			isa = PBXFrameworksBuildPhase;
			buildActionMask = 2147483647;
			files = (
			);
			runOnlyForDeploymentPostprocessing = 0;
		};
/* End PBXFrameworksBuildPhase section */

/* Begin PBXGroup section */
		640448881C2714F800E9469D = {
			isa = PBXGroup;
			children = (
				645E7D121C2886F6001A3C2B /* OCR Engine-Bridging-Header.h */,
				640448CA1C272F1800E9469D /* CoreImage.framework */,
				640448C81C271BAE00E9469D /* libstdc++.tbd */,
				640448931C2714F800E9469D /* OCR Engine */,
				640448A81C2714F800E9469D /* OCR EngineTests */,
				640448B31C2714F800E9469D /* OCR EngineUITests */,
				640448921C2714F800E9469D /* Products */,
				645E7D091C288331001A3C2B /* tessdata */,
			);
			sourceTree = "<group>";
		};
		640448921C2714F800E9469D /* Products */ = {
			isa = PBXGroup;
			children = (
				640448911C2714F800E9469D /* OCR Engine.app */,
				640448A51C2714F800E9469D /* OCR EngineTests.xctest */,
				640448B01C2714F800E9469D /* OCR EngineUITests.xctest */,
			);
			name = Products;
			sourceTree = "<group>";
		};
		640448931C2714F800E9469D /* OCR Engine */ = {
			isa = PBXGroup;
			children = (
				645E7D0B1C28835E001A3C2B /* TesseractOCR.framework */,
				640448941C2714F800E9469D /* AppDelegate.swift */,
				640448961C2714F800E9469D /* ViewController.swift */,
				640448981C2714F800E9469D /* Main.storyboard */,
				6404489B1C2714F800E9469D /* Assets.xcassets */,
				6404489D1C2714F800E9469D /* LaunchScreen.storyboard */,
				640448A01C2714F800E9469D /* Info.plist */,
			);
			path = "OCR Engine";
			sourceTree = "<group>";
		};
		640448A81C2714F800E9469D /* OCR EngineTests */ = {
			isa = PBXGroup;
			children = (
				640448A91C2714F800E9469D /* OCR_EngineTests.swift */,
				640448AB1C2714F800E9469D /* Info.plist */,
			);
			path = "OCR EngineTests";
			sourceTree = "<group>";
		};
		640448B31C2714F800E9469D /* OCR EngineUITests */ = {
			isa = PBXGroup;
			children = (
				640448B41C2714F800E9469D /* OCR_EngineUITests.swift */,
				640448B61C2714F800E9469D /* Info.plist */,
			);
			path = "OCR EngineUITests";
			sourceTree = "<group>";
		};
/* End PBXGroup section */

/* Begin PBXNativeTarget section */
		640448901C2714F800E9469D /* OCR Engine */ = {
			isa = PBXNativeTarget;
			buildConfigurationList = 640448B91C2714F800E9469D /* Build configuration list for PBXNativeTarget "OCR Engine" */;
			buildPhases = (
				6404488D1C2714F800E9469D /* Sources */,
				6404488E1C2714F800E9469D /* Frameworks */,
				6404488F1C2714F800E9469D /* Resources */,
			);
			buildRules = (
			);
			dependencies = (
			);
			name = "OCR Engine";
			productName = "OCR Engine";
			productReference = 640448911C2714F800E9469D /* OCR Engine.app */;
			productType = "com.apple.product-type.application";
		};
		640448A41C2714F800E9469D /* OCR EngineTests */ = {
			isa = PBXNativeTarget;
			buildConfigurationList = 640448BC1C2714F800E9469D /* Build configuration list for PBXNativeTarget "OCR EngineTests" */;
			buildPhases = (
				640448A11C2714F800E9469D /* Sources */,
				640448A21C2714F800E9469D /* Frameworks */,
				640448A31C2714F800E9469D /* Resources */,
			);
			buildRules = (
			);
			dependencies = (
				640448A71C2714F800E9469D /* PBXTargetDependency */,
			);
			name = "OCR EngineTests";
			productName = "OCR EngineTests";
			productReference = 640448A51C2714F800E9469D /* OCR EngineTests.xctest */;
			productType = "com.apple.product-type.bundle.unit-test";
		};
		640448AF1C2714F800E9469D /* OCR EngineUITests */ = {
			isa = PBXNativeTarget;
			buildConfigurationList = 640448BF1C2714F800E9469D /* Build configuration list for PBXNativeTarget "OCR EngineUITests" */;
			buildPhases = (
				640448AC1C2714F800E9469D /* Sources */,
				640448AD1C2714F800E9469D /* Frameworks */,
				640448AE1C2714F800E9469D /* Resources */,
			);
			buildRules = (
			);
			dependencies = (
				640448B21C2714F800E9469D /* PBXTargetDependency */,
			);
			name = "OCR EngineUITests";
			productName = "OCR EngineUITests";
			productReference = 640448B01C2714F800E9469D /* OCR EngineUITests.xctest */;
			productType = "com.apple.product-type.bundle.ui-testing";
		};
/* End PBXNativeTarget section */

/* Begin PBXProject section */
		640448891C2714F800E9469D /* Project object */ = {
			isa = PBXProject;
			attributes = {
				LastSwiftUpdateCheck = 0720;
				LastUpgradeCheck = 0720;
				ORGANIZATIONNAME = "Anmol Malhotra";
				TargetAttributes = {
					640448901C2714F800E9469D = {
						CreatedOnToolsVersion = 7.2;
					};
					640448A41C2714F800E9469D = {
						CreatedOnToolsVersion = 7.2;
						DevelopmentTeam = AMB9948HDW;
						TestTargetID = 640448901C2714F800E9469D;
					};
					640448AF1C2714F800E9469D = {
						CreatedOnToolsVersion = 7.2;
						DevelopmentTeam = AMB9948HDW;
						TestTargetID = 640448901C2714F800E9469D;
					};
				};
			};
			buildConfigurationList = 6404488C1C2714F800E9469D /* Build configuration list for PBXProject "OCR Engine" */;
			compatibilityVersion = "Xcode 3.2";
			developmentRegion = English;
			hasScannedForEncodings = 0;
			knownRegions = (
				en,
				Base,
			);
			mainGroup = 640448881C2714F800E9469D;
			productRefGroup = 640448921C2714F800E9469D /* Products */;
			projectDirPath = "";
			projectRoot = "";
			targets = (
				640448901C2714F800E9469D /* OCR Engine */,
				640448A41C2714F800E9469D /* OCR EngineTests */,
				640448AF1C2714F800E9469D /* OCR EngineUITests */,
			);
		};
/* End PBXProject section */

/* Begin PBXResourcesBuildPhase section */
		6404488F1C2714F800E9469D /* Resources */ = {
			isa = PBXResourcesBuildPhase;
			buildActionMask = 2147483647;
			files = (
				6404489F1C2714F800E9469D /* LaunchScreen.storyboard in Resources */,
				645E7D0A1C288331001A3C2B /* tessdata in Resources */,
				6404489C1C2714F800E9469D /* Assets.xcassets in Resources */,
				6404489A1C2714F800E9469D /* Main.storyboard in Resources */,
			);
			runOnlyForDeploymentPostprocessing = 0;
		};
		640448A31C2714F800E9469D /* Resources */ = {
			isa = PBXResourcesBuildPhase;
			buildActionMask = 2147483647;
			files = (
			);
			runOnlyForDeploymentPostprocessing = 0;
		};
		640448AE1C2714F800E9469D /* Resources */ = {
			isa = PBXResourcesBuildPhase;
			buildActionMask = 2147483647;
			files = (
			);
			runOnlyForDeploymentPostprocessing = 0;
		};
/* End PBXResourcesBuildPhase section */

/* Begin PBXSourcesBuildPhase section */
		6404488D1C2714F800E9469D /* Sources */ = {
			isa = PBXSourcesBuildPhase;
			buildActionMask = 2147483647;
			files = (
				640448971C2714F800E9469D /* ViewController.swift in Sources */,
				640448951C2714F800E9469D /* AppDelegate.swift in Sources */,
			);
			runOnlyForDeploymentPostprocessing = 0;
		};
		640448A11C2714F800E9469D /* Sources */ = {
			isa = PBXSourcesBuildPhase;
			buildActionMask = 2147483647;
			files = (
				640448AA1C2714F800E9469D /* OCR_EngineTests.swift in Sources */,
			);
			runOnlyForDeploymentPostprocessing = 0;
		};
		640448AC1C2714F800E9469D /* Sources */ = {
			isa = PBXSourcesBuildPhase;
			buildActionMask = 2147483647;
			files = (
				640448B51C2714F800E9469D /* OCR_EngineUITests.swift in Sources */,
			);
			runOnlyForDeploymentPostprocessing = 0;
		};
/* End PBXSourcesBuildPhase section */

/* Begin PBXTargetDependency section */
		640448A71C2714F800E9469D /* PBXTargetDependency */ = {
			isa = PBXTargetDependency;
			target = 640448901C2714F800E9469D /* OCR Engine */;
			targetProxy = 640448A61C2714F800E9469D /* PBXContainerItemProxy */;
		};
		640448B21C2714F800E9469D /* PBXTargetDependency */ = {
			isa = PBXTargetDependency;
			target = 640448901C2714F800E9469D /* OCR Engine */;
			targetProxy = 640448B11C2714F800E9469D /* PBXContainerItemProxy */;
		};
/* End PBXTargetDependency section */

/* Begin PBXVariantGroup section */
		640448981C2714F800E9469D /* Main.storyboard */ = {
			isa = PBXVariantGroup;
			children = (
				640448991C2714F800E9469D /* Base */,
			);
			name = Main.storyboard;
			sourceTree = "<group>";
		};
		6404489D1C2714F800E9469D /* LaunchScreen.storyboard */ = {
			isa = PBXVariantGroup;
			children = (
				6404489E1C2714F800E9469D /* Base */,
			);
			name = LaunchScreen.storyboard;
			sourceTree = "<group>";
		};
/* End PBXVariantGroup section */

/* Begin XCBuildConfiguration section */
		640448B71C2714F800E9469D /* Debug */ = {
			isa = XCBuildConfiguration;
			buildSettings = {
				ALWAYS_SEARCH_USER_PATHS = NO;
				CLANG_CXX_LANGUAGE_STANDARD = "gnu++0x";
				CLANG_CXX_LIBRARY = "libc++";
				CLANG_ENABLE_MODULES = YES;
				CLANG_ENABLE_OBJC_ARC = YES;
				CLANG_WARN_BOOL_CONVERSION = YES;
				CLANG_WARN_CONSTANT_CONVERSION = YES;
				CLANG_WARN_DIRECT_OBJC_ISA_USAGE = YES_ERROR;
				CLANG_WARN_EMPTY_BODY = YES;
				CLANG_WARN_ENUM_CONVERSION = YES;
				CLANG_WARN_INT_CONVERSION = YES;
				CLANG_WARN_OBJC_ROOT_CLASS = YES_ERROR;
				CLANG_WARN_UNREACHABLE_CODE = YES;
				CLANG_WARN__DUPLICATE_METHOD_MATCH = YES;
				"CODE_SIGN_IDENTITY[sdk=iphoneos*]" = "iPhone Developer";
				COPY_PHASE_STRIP = NO;
				DEBUG_INFORMATION_FORMAT = dwarf;
				ENABLE_STRICT_OBJC_MSGSEND = YES;
				ENABLE_TESTABILITY = YES;
				GCC_C_LANGUAGE_STANDARD = gnu99;
				GCC_DYNAMIC_NO_PIC = NO;
				GCC_NO_COMMON_BLOCKS = YES;
				GCC_OPTIMIZATION_LEVEL = 0;
				GCC_PREPROCESSOR_DEFINITIONS = (
					"DEBUG=1",
					"$(inherited)",
				);
				GCC_WARN_64_TO_32_BIT_CONVERSION = YES;
				GCC_WARN_ABOUT_RETURN_TYPE = YES_ERROR;
				GCC_WARN_UNDECLARED_SELECTOR = YES;
				GCC_WARN_UNINITIALIZED_AUTOS = YES_AGGRESSIVE;
				GCC_WARN_UNUSED_FUNCTION = YES;
				GCC_WARN_UNUSED_VARIABLE = YES;
				IPHONEOS_DEPLOYMENT_TARGET = 9.2;
				MTL_ENABLE_DEBUG_INFO = YES;
				ONLY_ACTIVE_ARCH = YES;
				SDKROOT = iphoneos;
				SWIFT_OPTIMIZATION_LEVEL = "-Onone";
			};
			name = Debug;
		};
		640448B81C2714F800E9469D /* Release */ = {
			isa = XCBuildConfiguration;
			buildSettings = {
				ALWAYS_SEARCH_USER_PATHS = NO;
				CLANG_CXX_LANGUAGE_STANDARD = "gnu++0x";
				CLANG_CXX_LIBRARY = "libc++";
				CLANG_ENABLE_MODULES = YES;
				CLANG_ENABLE_OBJC_ARC = YES;
				CLANG_WARN_BOOL_CONVERSION = YES;
				CLANG_WARN_CONSTANT_CONVERSION = YES;
				CLANG_WARN_DIRECT_OBJC_ISA_USAGE = YES_ERROR;
				CLANG_WARN_EMPTY_BODY = YES;
				CLANG_WARN_ENUM_CONVERSION = YES;
				CLANG_WARN_INT_CONVERSION = YES;
				CLANG_WARN_OBJC_ROOT_CLASS = YES_ERROR;
				CLANG_WARN_UNREACHABLE_CODE = YES;
				CLANG_WARN__DUPLICATE_METHOD_MATCH = YES;
				"CODE_SIGN_IDENTITY[sdk=iphoneos*]" = "iPhone Developer";
				COPY_PHASE_STRIP = NO;
				DEBUG_INFORMATION_FORMAT = "dwarf-with-dsym";
				ENABLE_NS_ASSERTIONS = NO;
				ENABLE_STRICT_OBJC_MSGSEND = YES;
				GCC_C_LANGUAGE_STANDARD = gnu99;
				GCC_NO_COMMON_BLOCKS = YES;
				GCC_WARN_64_TO_32_BIT_CONVERSION = YES;
				GCC_WARN_ABOUT_RETURN_TYPE = YES_ERROR;
				GCC_WARN_UNDECLARED_SELECTOR = YES;
				GCC_WARN_UNINITIALIZED_AUTOS = YES_AGGRESSIVE;
				GCC_WARN_UNUSED_FUNCTION = YES;
				GCC_WARN_UNUSED_VARIABLE = YES;
				IPHONEOS_DEPLOYMENT_TARGET = 9.2;
				MTL_ENABLE_DEBUG_INFO = NO;
				SDKROOT = iphoneos;
				VALIDATE_PRODUCT = YES;
			};
			name = Release;
		};
		640448BA1C2714F800E9469D /* Debug */ = {
			isa = XCBuildConfiguration;
			buildSettings = {
				ASSETCATALOG_COMPILER_APPICON_NAME = AppIcon;
				CLANG_CXX_LIBRARY = "compiler-default";
				CLANG_ENABLE_MODULES = YES;
				CODE_SIGN_IDENTITY = "iPhone Developer";
				ENABLE_BITCODE = NO;
				FRAMEWORK_SEARCH_PATHS = (
					"$(inherited)",
					"$(PROJECT_DIR)",
					"$(PROJECT_DIR)/OCR",
					Engine,
					"$(PROJECT_DIR)/OCR",
					Engine,
				);
				"FRAMEWORK_SEARCH_PATHS[arch=*]" = (
					"$(inherited)",
					"$(PROJECT_DIR)",
					"$(PROJECT_DIR)/OCR",
					Engine,
					"$(PROJECT_DIR)/OCR",
					Engine,
				);
				INFOPLIST_FILE = "OCR Engine/Info.plist";
				IPHONEOS_DEPLOYMENT_TARGET = 8.4;
				LD_RUNPATH_SEARCH_PATHS = "$(inherited) @executable_path/Frameworks";
				ONLY_ACTIVE_ARCH = YES;
				PRODUCT_BUNDLE_IDENTIFIER = "com.natashadutta.OCR-Engine";
				PRODUCT_NAME = "$(TARGET_NAME)";
				SWIFT_OBJC_BRIDGING_HEADER = "OCR Engine-Bridging-Header.h";
				SWIFT_OPTIMIZATION_LEVEL = "-Onone";
			};
			name = Debug;
		};
		640448BB1C2714F800E9469D /* Release */ = {
			isa = XCBuildConfiguration;
			buildSettings = {
				ASSETCATALOG_COMPILER_APPICON_NAME = AppIcon;
				CLANG_CXX_LIBRARY = "compiler-default";
				CLANG_ENABLE_MODULES = YES;
				CODE_SIGN_IDENTITY = "iPhone Developer";
				ENABLE_BITCODE = NO;
				FRAMEWORK_SEARCH_PATHS = (
					"$(inherited)",
					"$(PROJECT_DIR)",
					"$(PROJECT_DIR)/OCR",
					Engine,
					"$(PROJECT_DIR)/OCR",
					Engine,
				);
				"FRAMEWORK_SEARCH_PATHS[arch=*]" = (
					"$(inherited)",
					"$(PROJECT_DIR)",
					"$(PROJECT_DIR)/OCR",
					Engine,
					"$(PROJECT_DIR)/OCR",
					Engine,
				);
				INFOPLIST_FILE = "OCR Engine/Info.plist";
				IPHONEOS_DEPLOYMENT_TARGET = 8.4;
				LD_RUNPATH_SEARCH_PATHS = "$(inherited) @executable_path/Frameworks";
				ONLY_ACTIVE_ARCH = YES;
				PRODUCT_BUNDLE_IDENTIFIER = "com.natashadutta.OCR-Engine";
				PRODUCT_NAME = "$(TARGET_NAME)";
				SWIFT_OBJC_BRIDGING_HEADER = "OCR Engine-Bridging-Header.h";
			};
			name = Release;
		};
		640448BD1C2714F800E9469D /* Debug */ = {
			isa = XCBuildConfiguration;
			buildSettings = {
				BUNDLE_LOADER = "$(TEST_HOST)";
				INFOPLIST_FILE = "OCR EngineTests/Info.plist";
				LD_RUNPATH_SEARCH_PATHS = "$(inherited) @executable_path/Frameworks @loader_path/Frameworks";
				PRODUCT_BUNDLE_IDENTIFIER = "com.anmolmalhotra.OCR-EngineTests";
				PRODUCT_NAME = "$(TARGET_NAME)";
				TEST_HOST = "$(BUILT_PRODUCTS_DIR)/OCR Engine.app/OCR Engine";
			};
			name = Debug;
		};
		640448BE1C2714F800E9469D /* Release */ = {
			isa = XCBuildConfiguration;
			buildSettings = {
				BUNDLE_LOADER = "$(TEST_HOST)";
				INFOPLIST_FILE = "OCR EngineTests/Info.plist";
				LD_RUNPATH_SEARCH_PATHS = "$(inherited) @executable_path/Frameworks @loader_path/Frameworks";
				PRODUCT_BUNDLE_IDENTIFIER = "com.anmolmalhotra.OCR-EngineTests";
				PRODUCT_NAME = "$(TARGET_NAME)";
				TEST_HOST = "$(BUILT_PRODUCTS_DIR)/OCR Engine.app/OCR Engine";
			};
			name = Release;
		};
		640448C01C2714F800E9469D /* Debug */ = {
			isa = XCBuildConfiguration;
			buildSettings = {
				INFOPLIST_FILE = "OCR EngineUITests/Info.plist";
				LD_RUNPATH_SEARCH_PATHS = "$(inherited) @executable_path/Frameworks @loader_path/Frameworks";
				PRODUCT_BUNDLE_IDENTIFIER = "com.anmolmalhotra.OCR-EngineUITests";
				PRODUCT_NAME = "$(TARGET_NAME)";
				TEST_TARGET_NAME = "OCR Engine";
				USES_XCTRUNNER = YES;
			};
			name = Debug;
		};
		640448C11C2714F800E9469D /* Release */ = {
			isa = XCBuildConfiguration;
			buildSettings = {
				INFOPLIST_FILE = "OCR EngineUITests/Info.plist";
				LD_RUNPATH_SEARCH_PATHS = "$(inherited) @executable_path/Frameworks @loader_path/Frameworks";
				PRODUCT_BUNDLE_IDENTIFIER = "com.anmolmalhotra.OCR-EngineUITests";
				PRODUCT_NAME = "$(TARGET_NAME)";
				TEST_TARGET_NAME = "OCR Engine";
				USES_XCTRUNNER = YES;
			};
			name = Release;
		};
/* End XCBuildConfiguration section */

/* Begin XCConfigurationList section */
		6404488C1C2714F800E9469D /* Build configuration list for PBXProject "OCR Engine" */ = {
			isa = XCConfigurationList;
			buildConfigurations = (
				640448B71C2714F800E9469D /* Debug */,
				640448B81C2714F800E9469D /* Release */,
			);
			defaultConfigurationIsVisible = 0;
			defaultConfigurationName = Release;
		};
		640448B91C2714F800E9469D /* Build configuration list for PBXNativeTarget "OCR Engine" */ = {
			isa = XCConfigurationList;
			buildConfigurations = (
				640448BA1C2714F800E9469D /* Debug */,
				640448BB1C2714F800E9469D /* Release */,
			);
			defaultConfigurationIsVisible = 0;
			defaultConfigurationName = Release;
		};
		640448BC1C2714F800E9469D /* Build configuration list for PBXNativeTarget "OCR EngineTests" */ = {
			isa = XCConfigurationList;
			buildConfigurations = (
				640448BD1C2714F800E9469D /* Debug */,
				640448BE1C2714F800E9469D /* Release */,
			);
			defaultConfigurationIsVisible = 0;
			defaultConfigurationName = Release;
		};
		640448BF1C2714F800E9469D /* Build configuration list for PBXNativeTarget "OCR EngineUITests" */ = {
			isa = XCConfigurationList;
			buildConfigurations = (
				640448C01C2714F800E9469D /* Debug */,
				640448C11C2714F800E9469D /* Release */,
			);
			defaultConfigurationIsVisible = 0;
			defaultConfigurationName = Release;
		};
/* End XCConfigurationList section */
	};
	rootObject = 640448891C2714F800E9469D /* Project object */;
}
